{
  "name": "contracts",
  "lockfileVersion": 2,
  "requires": true,
  "packages": {
    "": {
      "dependencies": {
        "@chainlink/contracts": "^0.2.2"
      }
    },
    "node_modules/@chainlink/contracts": {
      "version": "0.2.2",
      "resolved": "https://registry.npmjs.org/@chainlink/contracts/-/contracts-0.2.2.tgz",
      "integrity": "sha512-wxXPbt7O3aZaUSG34ufFASC5amRSL6eeYCqsa+2gpqbB8Hk7B7FydEDCI5dqvAC444TlFskPHcVbizCZkRHPpw=="
    }
  },
  "dependencies": {
    "@chainlink/contracts": {
      "version": "0.2.2",
      "resolved": "https://registry.npmjs.org/@chainlink/contracts/-/contracts-0.2.2.tgz",
      "integrity": "sha512-wxXPbt7O3aZaUSG34ufFASC5amRSL6eeYCqsa+2gpqbB8Hk7B7FydEDCI5dqvAC444TlFskPHcVbizCZkRHPpw=="
    }
  }
}
